%{
  "gleam_stdlib": {:hex, :gleam_stdlib, "0.17.1", "40645cedaa2df54db409eafc79064bf6b2458715cf53270980e7200735ee4966", [:rebar3], [], "hexpm", "f2af084b2c38ad94dfb3d8eb0ff868b42af2bfcbdd89a30b5c62945c8a2c9eb8"},
  "mix_gleam": {:hex, :mix_gleam, "0.1.0", "a0cee5d30de865124a32ca6cd53b64c3e2ac57f12adf6e47b88fb673f47c716e", [:mix], [], "hexpm", "9ff518e6aab444c7f2e74038f9383020ef89810cf1f4402911f33b202ffd72e7"},
}
